
Microsoft Visual Studio Solution File, Format Version 12.00
# Visual Studio 15
VisualStudioVersion = 15.0.28307.438
MinimumVisualStudioVersion = 10.0.40219.1
Project("{FAE04EC0-301F-11D3-BF4B-00C04F79EFBC}") = "CAClient", "CAClient\CAClient.csproj", "{3B10DC07-141E-48CE-9F63-EC080C8CDA4C}"
EndProject
Project("{FAE04EC0-301F-11D3-BF4B-00C04F79EFBC}") = "DBUtility", "DBUtility\DBUtility.csproj", "{BBA09C34-2399-4515-B384-DA90F4E696D9}"
EndProject
Project("{FAE04EC0-301F-11D3-BF4B-00C04F79EFBC}") = "Model", "Model\Model.csproj", "{476B87AB-C9BE-4CFB-A497-FAA94D1ED509}"
EndProject
Project("{FAE04EC0-301F-11D3-BF4B-00C04F79EFBC}") = "WcfService", "WcfService\WcfService.csproj", "{7BAE0B6A-B410-4B30-B3DA-4BC61C2B74A5}"
EndProject
Project("{FAE04EC0-301F-11D3-BF4B-00C04F79EFBC}") = "Web", "Web\Web.csproj", "{88A77FB6-C134-43C4-9CB6-468B567F69D2}"
EndProject
Project("{9A19103F-16F7-4668-BE54-9A1E7A4F7556}") = "XCore", "XCore\XCore.csproj", "{9E42B5E2-7929-4F90-ABEB-B63716C2DEFE}"
EndProject
Project("{9A19103F-16F7-4668-BE54-9A1E7A4F7556}") = "Repositories.LiteDB", "Repositories.LiteDB\Repositories.LiteDB.csproj", "{76F808C4-29E1-49D2-9592-73A02255DE17}"
EndProject
Project("{9A19103F-16F7-4668-BE54-9A1E7A4F7556}") = "LiteMembershipProvider", "LiteMembershipProvider\LiteMembershipProvider.csproj", "{E4BEC625-5344-44D7-A18A-6C5A5C38C296}"
EndProject
Project("{FAE04EC0-301F-11D3-BF4B-00C04F79EFBC}") = "LiteMembershipProviderTest", "LiteMembershipProviderTest\LiteMembershipProviderTest.csproj", "{5FBEAD48-C9DC-425F-AF58-8388B54D65E7}"
EndProject
Project("{FAE04EC0-301F-11D3-BF4B-00C04F79EFBC}") = "SQLiteMembershipProvider", "SQLiteMembershipProvider\SQLiteMembershipProvider.csproj", "{2EEED893-3D06-4AD0-A1A3-63F75F7ABA33}"
EndProject
Global
	GlobalSection(SolutionConfigurationPlatforms) = preSolution
		Debug|Any CPU = Debug|Any CPU
		Debug|x86 = Debug|x86
		Release|Any CPU = Release|Any CPU
		Release|x86 = Release|x86
	EndGlobalSection
	GlobalSection(ProjectConfigurationPlatforms) = postSolution
		{3B10DC07-141E-48CE-9F63-EC080C8CDA4C}.Debug|Any CPU.ActiveCfg = Debug|x86
		{3B10DC07-141E-48CE-9F63-EC080C8CDA4C}.Debug|x86.ActiveCfg = Debug|x86
		{3B10DC07-141E-48CE-9F63-EC080C8CDA4C}.Debug|x86.Build.0 = Debug|x86
		{3B10DC07-141E-48CE-9F63-EC080C8CDA4C}.Release|Any CPU.ActiveCfg = Release|x86
		{3B10DC07-141E-48CE-9F63-EC080C8CDA4C}.Release|x86.ActiveCfg = Release|x86
		{3B10DC07-141E-48CE-9F63-EC080C8CDA4C}.Release|x86.Build.0 = Release|x86
		{BBA09C34-2399-4515-B384-DA90F4E696D9}.Debug|Any CPU.ActiveCfg = Debug|Any CPU
		{BBA09C34-2399-4515-B384-DA90F4E696D9}.Debug|Any CPU.Build.0 = Debug|Any CPU
		{BBA09C34-2399-4515-B384-DA90F4E696D9}.Debug|x86.ActiveCfg = Debug|Any CPU
		{BBA09C34-2399-4515-B384-DA90F4E696D9}.Debug|x86.Build.0 = Debug|Any CPU
		{BBA09C34-2399-4515-B384-DA90F4E696D9}.Release|Any CPU.ActiveCfg = Release|Any CPU
		{BBA09C34-2399-4515-B384-DA90F4E696D9}.Release|Any CPU.Build.0 = Release|Any CPU
		{BBA09C34-2399-4515-B384-DA90F4E696D9}.Release|x86.ActiveCfg = Release|Any CPU
		{BBA09C34-2399-4515-B384-DA90F4E696D9}.Release|x86.Build.0 = Release|Any CPU
		{476B87AB-C9BE-4CFB-A497-FAA94D1ED509}.Debug|Any CPU.ActiveCfg = Debug|Any CPU
		{476B87AB-C9BE-4CFB-A497-FAA94D1ED509}.Debug|Any CPU.Build.0 = Debug|Any CPU
		{476B87AB-C9BE-4CFB-A497-FAA94D1ED509}.Debug|x86.ActiveCfg = Debug|Any CPU
		{476B87AB-C9BE-4CFB-A497-FAA94D1ED509}.Debug|x86.Build.0 = Debug|Any CPU
		{476B87AB-C9BE-4CFB-A497-FAA94D1ED509}.Release|Any CPU.ActiveCfg = Release|Any CPU
		{476B87AB-C9BE-4CFB-A497-FAA94D1ED509}.Release|Any CPU.Build.0 = Release|Any CPU
		{476B87AB-C9BE-4CFB-A497-FAA94D1ED509}.Release|x86.ActiveCfg = Release|Any CPU
		{476B87AB-C9BE-4CFB-A497-FAA94D1ED509}.Release|x86.Build.0 = Release|Any CPU
		{7BAE0B6A-B410-4B30-B3DA-4BC61C2B74A5}.Debug|Any CPU.ActiveCfg = Debug|Any CPU
		{7BAE0B6A-B410-4B30-B3DA-4BC61C2B74A5}.Debug|Any CPU.Build.0 = Debug|Any CPU
		{7BAE0B6A-B410-4B30-B3DA-4BC61C2B74A5}.Debug|x86.ActiveCfg = Debug|Any CPU
		{7BAE0B6A-B410-4B30-B3DA-4BC61C2B74A5}.Debug|x86.Build.0 = Debug|Any CPU
		{7BAE0B6A-B410-4B30-B3DA-4BC61C2B74A5}.Release|Any CPU.ActiveCfg = Release|Any CPU
		{7BAE0B6A-B410-4B30-B3DA-4BC61C2B74A5}.Release|Any CPU.Build.0 = Release|Any CPU
		{7BAE0B6A-B410-4B30-B3DA-4BC61C2B74A5}.Release|x86.ActiveCfg = Release|Any CPU
		{7BAE0B6A-B410-4B30-B3DA-4BC61C2B74A5}.Release|x86.Build.0 = Release|Any CPU
		{88A77FB6-C134-43C4-9CB6-468B567F69D2}.Debug|Any CPU.ActiveCfg = Debug|Any CPU
		{88A77FB6-C134-43C4-9CB6-468B567F69D2}.Debug|Any CPU.Build.0 = Debug|Any CPU
		{88A77FB6-C134-43C4-9CB6-468B567F69D2}.Debug|x86.ActiveCfg = Debug|Any CPU
		{88A77FB6-C134-43C4-9CB6-468B567F69D2}.Debug|x86.Build.0 = Debug|Any CPU
		{88A77FB6-C134-43C4-9CB6-468B567F69D2}.Release|Any CPU.ActiveCfg = Release|Any CPU
		{88A77FB6-C134-43C4-9CB6-468B567F69D2}.Release|Any CPU.Build.0 = Release|Any CPU
		{88A77FB6-C134-43C4-9CB6-468B567F69D2}.Release|x86.ActiveCfg = Release|Any CPU
		{88A77FB6-C134-43C4-9CB6-468B567F69D2}.Release|x86.Build.0 = Release|Any CPU
		{9E42B5E2-7929-4F90-ABEB-B63716C2DEFE}.Debug|Any CPU.ActiveCfg = Debug|Any CPU
		{9E42B5E2-7929-4F90-ABEB-B63716C2DEFE}.Debug|Any CPU.Build.0 = Debug|Any CPU
		{9E42B5E2-7929-4F90-ABEB-B63716C2DEFE}.Debug|x86.ActiveCfg = Debug|Any CPU
		{9E42B5E2-7929-4F90-ABEB-B63716C2DEFE}.Debug|x86.Build.0 = Debug|Any CPU
		{9E42B5E2-7929-4F90-ABEB-B63716C2DEFE}.Release|Any CPU.ActiveCfg = Release|Any CPU
		{9E42B5E2-7929-4F90-ABEB-B63716C2DEFE}.Release|Any CPU.Build.0 = Release|Any CPU
		{9E42B5E2-7929-4F90-ABEB-B63716C2DEFE}.Release|x86.ActiveCfg = Release|Any CPU
		{9E42B5E2-7929-4F90-ABEB-B63716C2DEFE}.Release|x86.Build.0 = Release|Any CPU
		{76F808C4-29E1-49D2-9592-73A02255DE17}.Debug|Any CPU.ActiveCfg = Debug|Any CPU
		{76F808C4-29E1-49D2-9592-73A02255DE17}.Debug|Any CPU.Build.0 = Debug|Any CPU
		{76F808C4-29E1-49D2-9592-73A02255DE17}.Debug|x86.ActiveCfg = Debug|Any CPU
		{76F808C4-29E1-49D2-9592-73A02255DE17}.Debug|x86.Build.0 = Debug|Any CPU
		{76F808C4-29E1-49D2-9592-73A02255DE17}.Release|Any CPU.ActiveCfg = Release|Any CPU
		{76F808C4-29E1-49D2-9592-73A02255DE17}.Release|Any CPU.Build.0 = Release|Any CPU
		{76F808C4-29E1-49D2-9592-73A02255DE17}.Release|x86.ActiveCfg = Release|Any CPU
		{76F808C4-29E1-49D2-9592-73A02255DE17}.Release|x86.Build.0 = Release|Any CPU
		{E4BEC625-5344-44D7-A18A-6C5A5C38C296}.Debug|Any CPU.ActiveCfg = Debug|Any CPU
		{E4BEC625-5344-44D7-A18A-6C5A5C38C296}.Debug|Any CPU.Build.0 = Debug|Any CPU
		{E4BEC625-5344-44D7-A18A-6C5A5C38C296}.Debug|x86.ActiveCfg = Debug|Any CPU
		{E4BEC625-5344-44D7-A18A-6C5A5C38C296}.Debug|x86.Build.0 = Debug|Any CPU
		{E4BEC625-5344-44D7-A18A-6C5A5C38C296}.Release|Any CPU.ActiveCfg = Release|Any CPU
		{E4BEC625-5344-44D7-A18A-6C5A5C38C296}.Release|Any CPU.Build.0 = Release|Any CPU
		{E4BEC625-5344-44D7-A18A-6C5A5C38C296}.Release|x86.ActiveCfg = Release|Any CPU
		{E4BEC625-5344-44D7-A18A-6C5A5C38C296}.Release|x86.Build.0 = Release|Any CPU
		{5FBEAD48-C9DC-425F-AF58-8388B54D65E7}.Debug|Any CPU.ActiveCfg = Debug|Any CPU
		{5FBEAD48-C9DC-425F-AF58-8388B54D65E7}.Debug|Any CPU.Build.0 = Debug|Any CPU
		{5FBEAD48-C9DC-425F-AF58-8388B54D65E7}.Debug|x86.ActiveCfg = Debug|Any CPU
		{5FBEAD48-C9DC-425F-AF58-8388B54D65E7}.Debug|x86.Build.0 = Debug|Any CPU
		{5FBEAD48-C9DC-425F-AF58-8388B54D65E7}.Release|Any CPU.ActiveCfg = Release|Any CPU
		{5FBEAD48-C9DC-425F-AF58-8388B54D65E7}.Release|Any CPU.Build.0 = Release|Any CPU
		{5FBEAD48-C9DC-425F-AF58-8388B54D65E7}.Release|x86.ActiveCfg = Release|Any CPU
		{5FBEAD48-C9DC-425F-AF58-8388B54D65E7}.Release|x86.Build.0 = Release|Any CPU
		{2EEED893-3D06-4AD0-A1A3-63F75F7ABA33}.Debug|Any CPU.ActiveCfg = Debug|Any CPU
		{2EEED893-3D06-4AD0-A1A3-63F75F7ABA33}.Debug|Any CPU.Build.0 = Debug|Any CPU
		{2EEED893-3D06-4AD0-A1A3-63F75F7ABA33}.Debug|x86.ActiveCfg = Debug|Any CPU
		{2EEED893-3D06-4AD0-A1A3-63F75F7ABA33}.Debug|x86.Build.0 = Debug|Any CPU
		{2EEED893-3D06-4AD0-A1A3-63F75F7ABA33}.Release|Any CPU.ActiveCfg = Release|Any CPU
		{2EEED893-3D06-4AD0-A1A3-63F75F7ABA33}.Release|Any CPU.Build.0 = Release|Any CPU
		{2EEED893-3D06-4AD0-A1A3-63F75F7ABA33}.Release|x86.ActiveCfg = Release|Any CPU
		{2EEED893-3D06-4AD0-A1A3-63F75F7ABA33}.Release|x86.Build.0 = Release|Any CPU
	EndGlobalSection
	GlobalSection(SolutionProperties) = preSolution
		HideSolutionNode = FALSE
	EndGlobalSection
	GlobalSection(ExtensibilityGlobals) = postSolution
		SolutionGuid = {6E00E2A8-9887-468C-9DB8-280842AC83A5}
	EndGlobalSection
EndGlobal
